
Microsoft Visual Studio Solution File, Format Version 12.00
# Visual Studio 15
VisualStudioVersion = 15.0.28010.2003
MinimumVisualStudioVersion = 10.0.40219.1
Project("{8BC9CEB8-8B4A-11D0-8D11-00A0C91BC942}") = "opengl-drawing", "opengl-drawing\opengl-drawing.vcxproj", "{B55B5526-47A3-4653-8D61-B2F69A77110F}"
EndProject
Global
	GlobalSection(SolutionConfigurationPlatforms) = preSolution
		Debug|x64 = Debug|x64
		Debug|x86 = Debug|x86
		Release|x64 = Release|x64
		Release|x86 = Release|x86
	EndGlobalSection
	GlobalSection(ProjectConfigurationPlatforms) = postSolution
		{B55B5526-47A3-4653-8D61-B2F69A77110F}.Debug|x64.ActiveCfg = Debug|x64
		{B55B5526-47A3-4653-8D61-B2F69A77110F}.Debug|x64.Build.0 = Debug|x64
		{B55B5526-47A3-4653-8D61-B2F69A77110F}.Debug|x86.ActiveCfg = Debug|Win32
		{B55B5526-47A3-4653-8D61-B2F69A77110F}.Debug|x86.Build.0 = Debug|Win32
		{B55B5526-47A3-4653-8D61-B2F69A77110F}.Release|x64.ActiveCfg = Release|x64
		{B55B5526-47A3-4653-8D61-B2F69A77110F}.Release|x64.Build.0 = Release|x64
		{B55B5526-47A3-4653-8D61-B2F69A77110F}.Release|x86.ActiveCfg = Release|Win32
		{B55B5526-47A3-4653-8D61-B2F69A77110F}.Release|x86.Build.0 = Release|Win32
	EndGlobalSection
	GlobalSection(SolutionProperties) = preSolution
		HideSolutionNode = FALSE
	EndGlobalSection
	GlobalSection(ExtensibilityGlobals) = postSolution
		SolutionGuid = {E6D986D9-FAA3-474F-801A-8CEB259F2CDB}
	EndGlobalSection
EndGlobal
