<?xml version="1.0" encoding="utf-8"?>
<Project ToolsVersion="4.0" xmlns="http://schemas.microsoft.com/developer/msbuild/2003">
  <ItemGroup>
    <Filter Include="Fichiers sources">
      <UniqueIdentifier>{4FC737F1-C7A5-4376-A066-2A32D752A2FF}</UniqueIdentifier>
      <Extensions>cpp;c;cc;cxx;def;odl;idl;hpj;bat;asm;asmx</Extensions>
    </Filter>
    <Filter Include="Fichiers d%27en-tête">
      <UniqueIdentifier>{93995380-89BD-4b04-88EB-625FBE52EBFB}</UniqueIdentifier>
      <Extensions>h;hh;hpp;hxx;hm;inl;inc;ipp;xsd</Extensions>
    </Filter>
    <Filter Include="Fichiers de ressources">
      <UniqueIdentifier>{67DA6AB6-F800-4c08-8B7A-83BB121AAD01}</UniqueIdentifier>
      <Extensions>rc;ico;cur;bmp;dlg;rc2;rct;bin;rgs;gif;jpg;jpeg;jpe;resx;tiff;tif;png;wav;mfcribbon-ms</Extensions>
    </Filter>
    <Filter Include="Fichiers sources\GLSL">
      <UniqueIdentifier>{6d9d4552-c3eb-49eb-9ba6-7e21cc0338ac}</UniqueIdentifier>
    </Filter>
    <Filter Include="Fichiers sources\Ressources">
      <UniqueIdentifier>{8830addd-e06f-4a69-92d9-d28726477a88}</UniqueIdentifier>
    </Filter>
    <Filter Include="Fichiers sources\Shapes">
      <UniqueIdentifier>{702211cf-2c16-4180-9de9-ed5968a452d9}</UniqueIdentifier>
    </Filter>
    <Filter Include="Fichiers d%27en-tête\Shapes headers">
      <UniqueIdentifier>{bdc9bc7d-600d-4c17-8b0e-7c985ac8784c}</UniqueIdentifier>
    </Filter>
    <Filter Include="Fichiers d%27en-tête\Ressources headers">
      <UniqueIdentifier>{253dca7e-4951-4118-a3cd-6b34cc4e66b4}</UniqueIdentifier>
    </Filter>
  </ItemGroup>
  <ItemGroup>
    <ClCompile Include="Main.cpp">
      <Filter>Fichiers sources</Filter>
    </ClCompile>
    <ClCompile Include="GlutWindow.cpp">
      <Filter>Fichiers sources\Ressources</Filter>
    </ClCompile>
    <ClCompile Include="ShaderLoader.cpp">
      <Filter>Fichiers sources\Ressources</Filter>
    </ClCompile>
    <ClCompile Include="Point.cpp">
      <Filter>Fichiers sources\Shapes</Filter>
    </ClCompile>
    <ClCompile Include="Tool.cpp">
      <Filter>Fichiers sources\Shapes</Filter>
    </ClCompile>
    <ClCompile Include="Line.cpp">
      <Filter>Fichiers sources\Shapes</Filter>
    </ClCompile>
    <ClCompile Include="Triangle.cpp">
      <Filter>Fichiers sources\Shapes</Filter>
    </ClCompile>
    <ClCompile Include="Quadrilateral.cpp">
      <Filter>Fichiers sources\Shapes</Filter>
    </ClCompile>
    <ClCompile Include="Pencil.cpp">
      <Filter>Fichiers sources\Shapes</Filter>
    </ClCompile>
  </ItemGroup>
  <ItemGroup>
    <ClInclude Include="Triangle.h">
      <Filter>Fichiers d%27en-tête\Shapes headers</Filter>
    </ClInclude>
    <ClInclude Include="Tool.h">
      <Filter>Fichiers d%27en-tête\Shapes headers</Filter>
    </ClInclude>
    <ClInclude Include="Quadrilateral.h">
      <Filter>Fichiers d%27en-tête\Shapes headers</Filter>
    </ClInclude>
    <ClInclude Include="Line.h">
      <Filter>Fichiers d%27en-tête\Shapes headers</Filter>
    </ClInclude>
    <ClInclude Include="Point.h">
      <Filter>Fichiers d%27en-tête\Shapes headers</Filter>
    </ClInclude>
    <ClInclude Include="GlutWindow.h">
      <Filter>Fichiers d%27en-tête\Ressources headers</Filter>
    </ClInclude>
    <ClInclude Include="ShaderLoader.h">
      <Filter>Fichiers d%27en-tête\Ressources headers</Filter>
    </ClInclude>
    <ClInclude Include="openGlHeaders.h">
      <Filter>Fichiers d%27en-tête\Ressources headers</Filter>
    </ClInclude>
    <ClInclude Include="Pencil.h">
      <Filter>Fichiers d%27en-tête\Shapes headers</Filter>
    </ClInclude>
  </ItemGroup>
  <ItemGroup>
    <None Include="vertexShader.glsl">
      <Filter>Fichiers sources\GLSL</Filter>
    </None>
    <None Include="fragmentShader.glsl">
      <Filter>Fichiers sources\GLSL</Filter>
    </None>
  </ItemGroup>
</Project>